{
  "projects": [
    {
      "projectId": "bY35SmJJgVeJtcuAReMtgz",
      "version": "latest",
      "dependencies": {
        "hjKYmYi6HMwK6TRyk7ew5R": "3.0.2"
      },
      "lang": "ts",
      "fileLocks": [
        {
          "type": "globalVariant",
          "assetId": "ydHOGh87S1lZY",
          "checksum": "37bc6dfeb74ec66d64b12b95be5024a8"
        },
        {
          "type": "renderModule",
          "assetId": "-Uehc9Mv8w9P",
          "checksum": "ccd3c6f2a1bc9747846d212a71c15858"
        },
        {
          "type": "cssRules",
          "assetId": "-Uehc9Mv8w9P",
          "checksum": "ccd3c6f2a1bc9747846d212a71c15858"
        },
        {
          "type": "icon",
          "assetId": "u3yYWaDjSq60o",
          "checksum": "279431ba319464918c1026484ebb8842"
        },
        {
          "type": "icon",
          "assetId": "sTKJrdjakB0of",
          "checksum": "b3a63e81e2ad44beee1064fdb1b1e4f0"
        },
        {
          "type": "image",
          "assetId": "t00T2Z-gLxecv",
          "checksum": "28266261acb6fcaed271bec6713cabd4"
        },
        {
          "assetId": "bY35SmJJgVeJtcuAReMtgz",
          "checksum": "0625db51ffcd2ec74a4a2a11a2016c16",
          "type": "globalContexts"
        },
        {
          "type": "renderModule",
          "assetId": "K9Xn-JQGGW",
          "checksum": "a4af4ec3d613f40fd1b7edf7fd9ebbd6"
        },
        {
          "type": "cssRules",
          "assetId": "K9Xn-JQGGW",
          "checksum": "a4af4ec3d613f40fd1b7edf7fd9ebbd6"
        },
        {
          "assetId": "bY35SmJJgVeJtcuAReMtgz",
          "type": "projectCss",
          "checksum": "a323d73560e0a07145d16ff452060548"
        }
      ],
      "codegenVersion": "0.0.1"
    },
    {
      "projectId": "hjKYmYi6HMwK6TRyk7ew5R",
      "version": "3.0.2",
      "dependencies": {},
      "lang": "ts",
      "fileLocks": [
        {
          "type": "globalVariant",
          "assetId": "KETXIRj1H3j",
          "checksum": "dd57d9b1708974c9841eb87b68e18dad"
        },
        {
          "assetId": "hjKYmYi6HMwK6TRyk7ew5R",
          "type": "projectCss",
          "checksum": "306035308b19886c613848809f47f5f2"
        },
        {
          "assetId": "hjKYmYi6HMwK6TRyk7ew5R",
          "checksum": "218bde9c4e4ad85bbdd533397637c333",
          "type": "globalContexts"
        },
        {
          "type": "icon",
          "assetId": "RWt_mQZsUPf",
          "checksum": "2c2011ccdca2936fa8408527b94322a5"
        },
        {
          "type": "icon",
          "assetId": "DN9E9kYNFI3",
          "checksum": "2665b333b2a0ef5dfef9e27e8b894776"
        },
        {
          "type": "image",
          "assetId": "p4IqiRdrEhK",
          "checksum": "2fe9dcb3567e2c2d2aa15e065a638aaf"
        }
      ],
      "codegenVersion": "0.0.1"
    }
  ],
  "cliVersion": "0.1.174"
}
